
Microsoft Visual Studio Solution File, Format Version 12.00
# Visual Studio Version 17
VisualStudioVersion = 17.6.33712.159
MinimumVisualStudioVersion = 10.0.40219.1
Project("{FAE04EC0-301F-11D3-BF4B-00C04F79EFBC}") = "TMDB App", "TMDB App.csproj", "{BD49A6F6-8721-410F-8F92-CECD3AFD3982}"
EndProject
Project("{FAE04EC0-301F-11D3-BF4B-00C04F79EFBC}") = "TMDBLibrary", "..\TMDBLibrary\TMDBLibrary.csproj", "{9FA74463-4F5E-4263-AA52-72BF47BD26F3}"
EndProject
Project("{FAE04EC0-301F-11D3-BF4B-00C04F79EFBC}") = "TMDBTests", "..\TMDBTests\TMDBTests.csproj", "{FECA5AD1-D801-4481-BE60-0E8899DACCD4}"
EndProject
Global
	GlobalSection(SolutionConfigurationPlatforms) = preSolution
		Debug|Any CPU = Debug|Any CPU
		Release|Any CPU = Release|Any CPU
	EndGlobalSection
	GlobalSection(ProjectConfigurationPlatforms) = postSolution
		{BD49A6F6-8721-410F-8F92-CECD3AFD3982}.Debug|Any CPU.ActiveCfg = Debug|Any CPU
		{BD49A6F6-8721-410F-8F92-CECD3AFD3982}.Debug|Any CPU.Build.0 = Debug|Any CPU
		{BD49A6F6-8721-410F-8F92-CECD3AFD3982}.Release|Any CPU.ActiveCfg = Release|Any CPU
		{BD49A6F6-8721-410F-8F92-CECD3AFD3982}.Release|Any CPU.Build.0 = Release|Any CPU
		{9FA74463-4F5E-4263-AA52-72BF47BD26F3}.Debug|Any CPU.ActiveCfg = Debug|Any CPU
		{9FA74463-4F5E-4263-AA52-72BF47BD26F3}.Debug|Any CPU.Build.0 = Debug|Any CPU
		{9FA74463-4F5E-4263-AA52-72BF47BD26F3}.Release|Any CPU.ActiveCfg = Release|Any CPU
		{9FA74463-4F5E-4263-AA52-72BF47BD26F3}.Release|Any CPU.Build.0 = Release|Any CPU
		{FECA5AD1-D801-4481-BE60-0E8899DACCD4}.Debug|Any CPU.ActiveCfg = Debug|Any CPU
		{FECA5AD1-D801-4481-BE60-0E8899DACCD4}.Debug|Any CPU.Build.0 = Debug|Any CPU
		{FECA5AD1-D801-4481-BE60-0E8899DACCD4}.Release|Any CPU.ActiveCfg = Release|Any CPU
		{FECA5AD1-D801-4481-BE60-0E8899DACCD4}.Release|Any CPU.Build.0 = Release|Any CPU
	EndGlobalSection
	GlobalSection(SolutionProperties) = preSolution
		HideSolutionNode = FALSE
	EndGlobalSection
	GlobalSection(ExtensibilityGlobals) = postSolution
		SolutionGuid = {E9FE921E-C8F7-46E2-B7D1-B05F2C106B0B}
	EndGlobalSection
EndGlobal
